
Microsoft Visual Studio Solution File, Format Version 12.00
# Visual Studio Version 17
VisualStudioVersion = 17.14.36401.2
MinimumVisualStudioVersion = 10.0.40219.1
Project("{FAE04EC0-301F-11D3-BF4B-00C04F79EFBC}") = "LearnIoc", "LearnIoc\LearnIoc.csproj", "{0666A2A1-45B1-4164-9420-34AC9D02F304}"
EndProject
Project("{FAE04EC0-301F-11D3-BF4B-00C04F79EFBC}") = "ImageMiniLab.WPF", "ImageMiniLab.WPF\ImageMiniLab.WPF.csproj", "{6D8142D8-A560-43AF-AB44-75759B6A55A3}"
EndProject
Project("{FAE04EC0-301F-11D3-BF4B-00C04F79EFBC}") = "LearnWPF", "LearnWPF\LearnWPF.csproj", "{FD5A5FA6-4F76-46B8-A709-1E9334C53456}"
EndProject
Global
	GlobalSection(SolutionConfigurationPlatforms) = preSolution
		Debug|Any CPU = Debug|Any CPU
		Release|Any CPU = Release|Any CPU
	EndGlobalSection
	GlobalSection(ProjectConfigurationPlatforms) = postSolution
		{0666A2A1-45B1-4164-9420-34AC9D02F304}.Debug|Any CPU.ActiveCfg = Debug|Any CPU
		{0666A2A1-45B1-4164-9420-34AC9D02F304}.Debug|Any CPU.Build.0 = Debug|Any CPU
		{0666A2A1-45B1-4164-9420-34AC9D02F304}.Release|Any CPU.ActiveCfg = Release|Any CPU
		{0666A2A1-45B1-4164-9420-34AC9D02F304}.Release|Any CPU.Build.0 = Release|Any CPU
		{6D8142D8-A560-43AF-AB44-75759B6A55A3}.Debug|Any CPU.ActiveCfg = Debug|Any CPU
		{6D8142D8-A560-43AF-AB44-75759B6A55A3}.Debug|Any CPU.Build.0 = Debug|Any CPU
		{6D8142D8-A560-43AF-AB44-75759B6A55A3}.Release|Any CPU.ActiveCfg = Release|Any CPU
		{6D8142D8-A560-43AF-AB44-75759B6A55A3}.Release|Any CPU.Build.0 = Release|Any CPU
		{FD5A5FA6-4F76-46B8-A709-1E9334C53456}.Debug|Any CPU.ActiveCfg = Debug|Any CPU
		{FD5A5FA6-4F76-46B8-A709-1E9334C53456}.Debug|Any CPU.Build.0 = Debug|Any CPU
		{FD5A5FA6-4F76-46B8-A709-1E9334C53456}.Release|Any CPU.ActiveCfg = Release|Any CPU
		{FD5A5FA6-4F76-46B8-A709-1E9334C53456}.Release|Any CPU.Build.0 = Release|Any CPU
	EndGlobalSection
	GlobalSection(SolutionProperties) = preSolution
		HideSolutionNode = FALSE
	EndGlobalSection
	GlobalSection(ExtensibilityGlobals) = postSolution
		SolutionGuid = {2AE1343F-2529-48A1-A68C-3470BD6A1275}
	EndGlobalSection
EndGlobal
